PODS:
  - Amplify (1.19.0):
    - Amplify/Default (= 1.19.0)
  - Amplify/Default (1.19.0)
  - AmplifyPlugins/AWSAPIPlugin (1.19.0):
    - AppSyncRealTimeClient (~> 1.4)
    - AWSCore (~> 2.27.0)
    - AWSPluginsCore (= 1.19.0)
  - AmplifyPlugins/AWSCognitoAuthPlugin (1.19.0):
    - AWSAuthCore (~> 2.27.0)
    - AWSCognitoIdentityProvider (~> 2.27.0)
    - AWSCognitoIdentityProviderASF (~> 2.27.0)
    - AWSCore (~> 2.27.0)
    - AWSMobileClient (~> 2.27.0)
    - AWSPluginsCore (= 1.19.0)
  - AmplifyPlugins/AWSDataStorePlugin (1.19.0):
    - AWSCore (~> 2.27.0)
    - AWSPluginsCore (= 1.19.0)
    - SQLite.swift (= 0.12.2)
  - AppAuth (1.4.0):
    - AppAuth/Core (= 1.4.0)
    - AppAuth/ExternalUserAgent (= 1.4.0)
  - AppAuth/Core (1.4.0)
  - AppAuth/ExternalUserAgent (1.4.0)
  - AppSyncRealTimeClient (1.6.0):
    - Starscream (~> 3.1.1)
  - AWSAuthCore (2.27.1):
    - AWSCore (= 2.27.1)
  - AWSCognitoIdentityProvider (2.27.1):
    - AWSCognitoIdentityProviderASF (= 2.27.1)
    - AWSCore (= 2.27.1)
  - AWSCognitoIdentityProviderASF (2.27.1):
    - AWSCore (= 2.27.1)
  - AWSCore (2.27.1)
  - AWSMobileClient (2.27.1):
    - AWSAuthCore (= 2.27.1)
    - AWSCognitoIdentityProvider (= 2.27.1)
    - AWSCognitoIdentityProviderASF (= 2.27.1)
    - AWSCore (= 2.27.1)
  - AWSPluginsCore (1.19.0):
    - Amplify (= 1.19.0)
    - AWSCore (~> 2.27.0)
  - GoogleSignIn (6.1.0):
    - AppAuth (~> 1.4)
    - GTMAppAuth (~> 1.0)
    - GTMSessionFetcher/Core (~> 1.1)
  - GTMAppAuth (1.2.2):
    - AppAuth/Core (~> 1.4)
    - GTMSessionFetcher/Core (~> 1.5)
  - GTMSessionFetcher/Core (1.7.0)
  - SQLite.swift (0.12.2):
    - SQLite.swift/standard (= 0.12.2)
  - SQLite.swift/standard (0.12.2)
  - Starscream (3.1.1)
  - SwiftVideoBackground (3.4.0)

DEPENDENCIES:
  - Amplify
  - AmplifyPlugins/AWSAPIPlugin
  - AmplifyPlugins/AWSCognitoAuthPlugin
  - AmplifyPlugins/AWSDataStorePlugin
  - AWSCore
  - GoogleSignIn
  - SwiftVideoBackground

SPEC REPOS:
  trunk:
    - Amplify
    - AmplifyPlugins
    - AppAuth
    - AppSyncRealTimeClient
    - AWSAuthCore
    - AWSCognitoIdentityProvider
    - AWSCognitoIdentityProviderASF
    - AWSCore
    - AWSMobileClient
    - AWSPluginsCore
    - GoogleSignIn
    - GTMAppAuth
    - GTMSessionFetcher
    - SQLite.swift
    - Starscream
    - SwiftVideoBackground

SPEC CHECKSUMS:
  Amplify: 7906ce8bc77c2c9a97545581024eb90ec6f2e03a
  AmplifyPlugins: 3f43645652234700ee62aba927a67ff4eebacf46
  AppAuth: 31bcec809a638d7bd2f86ea8a52bd45f6e81e7c7
  AppSyncRealTimeClient: 8b5ec94085b8ee9bb6fb9d9d76a157beb538ec6f
  AWSAuthCore: 9528c60ccdac6df6024fb0af1ed6a43782fd2d3d
  AWSCognitoIdentityProvider: 4de7f96340be72c1dca35c0ba835c6b9b69a28c0
  AWSCognitoIdentityProviderASF: 727f7c1c80d667a2da79e408c8c8745eac981d58
  AWSCore: f859f6955a8e52dcb3e79fac95fef058639d1049
  AWSMobileClient: 9c1edcbe7088b3c9b910aaf6faf2db43a8f1568d
  AWSPluginsCore: a74522db575247a0156f97d868713627099f3297
  GoogleSignIn: c90b5bec45e780f54c6a8e1e3c182a86e3dda69d
  GTMAppAuth: ad5c2b70b9a8689e1a04033c9369c4915bfcbe89
  GTMSessionFetcher: 43748f93435c2aa068b1cbe39655aaf600652e91
  SQLite.swift: d2b4642190917051ce6bd1d49aab565fe794eea3
  Starscream: 4bb2f9942274833f7b4d296a55504dcfc7edb7b0
  SwiftVideoBackground: 826e0567c737ded2a211aa309e9951c643695e8f

PODFILE CHECKSUM: ab42ddc66b4393c5e5fdaaef3354fea4595b8e2e

COCOAPODS: 1.11.2
