// !$*UTF8*$!
{
	archiveVersion = 1;
	classes = {
	};
	objectVersion = 55;
	objects = {

/* Begin PBXBuildFile section */
		0BB850747AB02F42CD989299 /* AmplifyModels.swift in Sources */ = {isa = PBXBuildFile; fileRef = DE4A926FDBF5851F34F5A42E /* AmplifyModels.swift */; };
		1CF2E685FA9F2AC8BB5AA508 /* Pods_MomsSpaghetti.framework in Frameworks */ = {isa = PBXBuildFile; fileRef = AA44CF20AEC13E23B69CD887 /* Pods_MomsSpaghetti.framework */; };
		29D4615E27B4E7F63EE9E0D2 /* Todo+Schema.swift in Sources */ = {isa = PBXBuildFile; fileRef = 2F7CD70E7C460EEDADD8E422 /* Todo+Schema.swift */; };
		6A659E1B27A90070004EBA18 /* AppDelegate.swift in Sources */ = {isa = PBXBuildFile; fileRef = 6A659E1A27A90070004EBA18 /* AppDelegate.swift */; };
		6A659E1D27A90070004EBA18 /* SceneDelegate.swift in Sources */ = {isa = PBXBuildFile; fileRef = 6A659E1C27A90070004EBA18 /* SceneDelegate.swift */; };
		6A659E1F27A90070004EBA18 /* ViewController.swift in Sources */ = {isa = PBXBuildFile; fileRef = 6A659E1E27A90070004EBA18 /* ViewController.swift */; };
		6A659E2227A90070004EBA18 /* Main.storyboard in Resources */ = {isa = PBXBuildFile; fileRef = 6A659E2027A90070004EBA18 /* Main.storyboard */; };
		6A659E2427A90070004EBA18 /* Assets.xcassets in Resources */ = {isa = PBXBuildFile; fileRef = 6A659E2327A90070004EBA18 /* Assets.xcassets */; };
		6A659E2727A90070004EBA18 /* LaunchScreen.storyboard in Resources */ = {isa = PBXBuildFile; fileRef = 6A659E2527A90070004EBA18 /* LaunchScreen.storyboard */; };
		6A659E2F27A9045B004EBA18 /* media in Resources */ = {isa = PBXBuildFile; fileRef = 6A659E2E27A9045B004EBA18 /* media */; };
		6A659E3127A90557004EBA18 /* wave-background-yellow.mp4 in Resources */ = {isa = PBXBuildFile; fileRef = 6A659E3027A90557004EBA18 /* wave-background-yellow.mp4 */; };
		978848AD1E7008DD710DD63A /* amplifyconfiguration.json in Resources */ = {isa = PBXBuildFile; fileRef = 302649B9E8994579D2A06DA2 /* amplifyconfiguration.json */; };
		BEFF09F393CC1B40BC50B446 /* awsconfiguration.json in Resources */ = {isa = PBXBuildFile; fileRef = 9D608D063D415545E2F24D7F /* awsconfiguration.json */; };
		E9C0082A76917C1FA4E21DD8 /* Todo.swift in Sources */ = {isa = PBXBuildFile; fileRef = 40A98B1AD70035710DBD8FF4 /* Todo.swift */; };
/* End PBXBuildFile section */

/* Begin PBXFileReference section */
		2F7CD70E7C460EEDADD8E422 /* Todo+Schema.swift */ = {isa = PBXFileReference; explicitFileType = sourcecode.swift; name = "Todo+Schema.swift"; path = "amplify/generated/models/Todo+Schema.swift"; sourceTree = "<group>"; };
		302649B9E8994579D2A06DA2 /* amplifyconfiguration.json */ = {isa = PBXFileReference; explicitFileType = text.json; path = amplifyconfiguration.json; sourceTree = "<group>"; };
		40A98B1AD70035710DBD8FF4 /* Todo.swift */ = {isa = PBXFileReference; explicitFileType = sourcecode.swift; name = Todo.swift; path = amplify/generated/models/Todo.swift; sourceTree = "<group>"; };
		474B674700A3723C57D13DEB /* Pods-MomsSpaghetti.release.xcconfig */ = {isa = PBXFileReference; includeInIndex = 1; lastKnownFileType = text.xcconfig; name = "Pods-MomsSpaghetti.release.xcconfig"; path = "Target Support Files/Pods-MomsSpaghetti/Pods-MomsSpaghetti.release.xcconfig"; sourceTree = "<group>"; };
		69A811F30DF10AAFBBBEDCA8 /* Pods-MomsSpaghetti.debug.xcconfig */ = {isa = PBXFileReference; includeInIndex = 1; lastKnownFileType = text.xcconfig; name = "Pods-MomsSpaghetti.debug.xcconfig"; path = "Target Support Files/Pods-MomsSpaghetti/Pods-MomsSpaghetti.debug.xcconfig"; sourceTree = "<group>"; };
		6A659E1727A90070004EBA18 /* MomsSpaghetti.app */ = {isa = PBXFileReference; explicitFileType = wrapper.application; includeInIndex = 0; path = MomsSpaghetti.app; sourceTree = BUILT_PRODUCTS_DIR; };
		6A659E1A27A90070004EBA18 /* AppDelegate.swift */ = {isa = PBXFileReference; lastKnownFileType = sourcecode.swift; path = AppDelegate.swift; sourceTree = "<group>"; };
		6A659E1C27A90070004EBA18 /* SceneDelegate.swift */ = {isa = PBXFileReference; lastKnownFileType = sourcecode.swift; path = SceneDelegate.swift; sourceTree = "<group>"; };
		6A659E1E27A90070004EBA18 /* ViewController.swift */ = {isa = PBXFileReference; lastKnownFileType = sourcecode.swift; path = ViewController.swift; sourceTree = "<group>"; };
		6A659E2127A90070004EBA18 /* Base */ = {isa = PBXFileReference; lastKnownFileType = file.storyboard; name = Base; path = Base.lproj/Main.storyboard; sourceTree = "<group>"; };
		6A659E2327A90070004EBA18 /* Assets.xcassets */ = {isa = PBXFileReference; lastKnownFileType = folder.assetcatalog; path = Assets.xcassets; sourceTree = "<group>"; };
		6A659E2627A90070004EBA18 /* Base */ = {isa = PBXFileReference; lastKnownFileType = file.storyboard; name = Base; path = Base.lproj/LaunchScreen.storyboard; sourceTree = "<group>"; };
		6A659E2827A90070004EBA18 /* Info.plist */ = {isa = PBXFileReference; lastKnownFileType = text.plist.xml; path = Info.plist; sourceTree = "<group>"; };
		6A659E2E27A9045B004EBA18 /* media */ = {isa = PBXFileReference; lastKnownFileType = folder; path = media; sourceTree = "<group>"; };
		6A659E3027A90557004EBA18 /* wave-background-yellow.mp4 */ = {isa = PBXFileReference; lastKnownFileType = file; name = "wave-background-yellow.mp4"; path = "MomsSpaghetti/media/wave-background-yellow.mp4"; sourceTree = "<group>"; };
		9D608D063D415545E2F24D7F /* awsconfiguration.json */ = {isa = PBXFileReference; explicitFileType = text.json; path = awsconfiguration.json; sourceTree = "<group>"; };
		AA44CF20AEC13E23B69CD887 /* Pods_MomsSpaghetti.framework */ = {isa = PBXFileReference; explicitFileType = wrapper.framework; includeInIndex = 0; path = Pods_MomsSpaghetti.framework; sourceTree = BUILT_PRODUCTS_DIR; };
		DE4A926FDBF5851F34F5A42E /* AmplifyModels.swift */ = {isa = PBXFileReference; explicitFileType = sourcecode.swift; name = AmplifyModels.swift; path = amplify/generated/models/AmplifyModels.swift; sourceTree = "<group>"; };
/* End PBXFileReference section */

/* Begin PBXFrameworksBuildPhase section */
		6A659E1427A90070004EBA18 /* Frameworks */ = {
			isa = PBXFrameworksBuildPhase;
			buildActionMask = 2147483647;
			files = (
				1CF2E685FA9F2AC8BB5AA508 /* Pods_MomsSpaghetti.framework in Frameworks */,
			);
			runOnlyForDeploymentPostprocessing = 0;
		};
/* End PBXFrameworksBuildPhase section */

/* Begin PBXGroup section */
		194C459AAE41697C10F3C91C /* Frameworks */ = {
			isa = PBXGroup;
			children = (
				AA44CF20AEC13E23B69CD887 /* Pods_MomsSpaghetti.framework */,
			);
			name = Frameworks;
			sourceTree = "<group>";
		};
		24156EF100CC4236A3725241 /* Pods */ = {
			isa = PBXGroup;
			children = (
				69A811F30DF10AAFBBBEDCA8 /* Pods-MomsSpaghetti.debug.xcconfig */,
				474B674700A3723C57D13DEB /* Pods-MomsSpaghetti.release.xcconfig */,
			);
			path = Pods;
			sourceTree = "<group>";
		};
		4000E86CB8DF226EE9C8CA8E /* AmplifyConfig */ = {
			isa = PBXGroup;
			children = (
				9D608D063D415545E2F24D7F /* awsconfiguration.json */,
				302649B9E8994579D2A06DA2 /* amplifyconfiguration.json */,
			);
			name = AmplifyConfig;
			sourceTree = "<group>";
		};
		6A659E0E27A90070004EBA18 = {
			isa = PBXGroup;
			children = (
				6A659E3027A90557004EBA18 /* wave-background-yellow.mp4 */,
				6A659E1927A90070004EBA18 /* MomsSpaghetti */,
				6A659E1827A90070004EBA18 /* Products */,
				24156EF100CC4236A3725241 /* Pods */,
				194C459AAE41697C10F3C91C /* Frameworks */,
				4000E86CB8DF226EE9C8CA8E /* AmplifyConfig */,
				E1E3DC9E953D7F96D2C0319D /* AmplifyModels */,
			);
			sourceTree = "<group>";
		};
		6A659E1827A90070004EBA18 /* Products */ = {
			isa = PBXGroup;
			children = (
				6A659E1727A90070004EBA18 /* MomsSpaghetti.app */,
			);
			name = Products;
			sourceTree = "<group>";
		};
		6A659E1927A90070004EBA18 /* MomsSpaghetti */ = {
			isa = PBXGroup;
			children = (
				6A659E2E27A9045B004EBA18 /* media */,
				6A659E1A27A90070004EBA18 /* AppDelegate.swift */,
				6A659E1C27A90070004EBA18 /* SceneDelegate.swift */,
				6A659E1E27A90070004EBA18 /* ViewController.swift */,
				6A659E2027A90070004EBA18 /* Main.storyboard */,
				6A659E2327A90070004EBA18 /* Assets.xcassets */,
				6A659E2527A90070004EBA18 /* LaunchScreen.storyboard */,
				6A659E2827A90070004EBA18 /* Info.plist */,
			);
			path = MomsSpaghetti;
			sourceTree = "<group>";
		};
		E1E3DC9E953D7F96D2C0319D /* AmplifyModels */ = {
			isa = PBXGroup;
			children = (
				DE4A926FDBF5851F34F5A42E /* AmplifyModels.swift */,
				2F7CD70E7C460EEDADD8E422 /* Todo+Schema.swift */,
				40A98B1AD70035710DBD8FF4 /* Todo.swift */,
			);
			name = AmplifyModels;
			sourceTree = "<group>";
		};
/* End PBXGroup section */

/* Begin PBXNativeTarget section */
		6A659E1627A90070004EBA18 /* MomsSpaghetti */ = {
			isa = PBXNativeTarget;
			buildConfigurationList = 6A659E2B27A90070004EBA18 /* Build configuration list for PBXNativeTarget "MomsSpaghetti" */;
			buildPhases = (
				244E1CE6FA7551572ECF8B32 /* [CP] Check Pods Manifest.lock */,
				6A659E1327A90070004EBA18 /* Sources */,
				6A659E1427A90070004EBA18 /* Frameworks */,
				6A659E1527A90070004EBA18 /* Resources */,
				C389458E3CFE6080C86BF6AF /* [CP] Embed Pods Frameworks */,
			);
			buildRules = (
			);
			dependencies = (
			);
			name = MomsSpaghetti;
			productName = MomsSpaghetti;
			productReference = 6A659E1727A90070004EBA18 /* MomsSpaghetti.app */;
			productType = "com.apple.product-type.application";
		};
/* End PBXNativeTarget section */

/* Begin PBXProject section */
		6A659E0F27A90070004EBA18 /* Project object */ = {
			isa = PBXProject;
			attributes = {
				BuildIndependentTargetsInParallel = 1;
				LastSwiftUpdateCheck = 1320;
				LastUpgradeCheck = 1320;
				TargetAttributes = {
					6A659E1627A90070004EBA18 = {
						CreatedOnToolsVersion = 13.2.1;
					};
				};
			};
			buildConfigurationList = 6A659E1227A90070004EBA18 /* Build configuration list for PBXProject "MomsSpaghetti" */;
			compatibilityVersion = "Xcode 13.0";
			developmentRegion = en;
			hasScannedForEncodings = 0;
			knownRegions = (
				en,
				Base,
			);
			mainGroup = 6A659E0E27A90070004EBA18;
			productRefGroup = 6A659E1827A90070004EBA18 /* Products */;
			projectDirPath = "";
			projectRoot = "";
			targets = (
				6A659E1627A90070004EBA18 /* MomsSpaghetti */,
			);
		};
/* End PBXProject section */

/* Begin PBXResourcesBuildPhase section */
		6A659E1527A90070004EBA18 /* Resources */ = {
			isa = PBXResourcesBuildPhase;
			buildActionMask = 2147483647;
			files = (
				6A659E3127A90557004EBA18 /* wave-background-yellow.mp4 in Resources */,
				6A659E2727A90070004EBA18 /* LaunchScreen.storyboard in Resources */,
				6A659E2427A90070004EBA18 /* Assets.xcassets in Resources */,
				6A659E2227A90070004EBA18 /* Main.storyboard in Resources */,
				6A659E2F27A9045B004EBA18 /* media in Resources */,
				BEFF09F393CC1B40BC50B446 /* awsconfiguration.json in Resources */,
				978848AD1E7008DD710DD63A /* amplifyconfiguration.json in Resources */,
			);
			runOnlyForDeploymentPostprocessing = 0;
		};
/* End PBXResourcesBuildPhase section */

/* Begin PBXShellScriptBuildPhase section */
		244E1CE6FA7551572ECF8B32 /* [CP] Check Pods Manifest.lock */ = {
			isa = PBXShellScriptBuildPhase;
			buildActionMask = 2147483647;
			files = (
			);
			inputFileListPaths = (
			);
			inputPaths = (
				"${PODS_PODFILE_DIR_PATH}/Podfile.lock",
				"${PODS_ROOT}/Manifest.lock",
			);
			name = "[CP] Check Pods Manifest.lock";
			outputFileListPaths = (
			);
			outputPaths = (
				"$(DERIVED_FILE_DIR)/Pods-MomsSpaghetti-checkManifestLockResult.txt",
			);
			runOnlyForDeploymentPostprocessing = 0;
			shellPath = /bin/sh;
			shellScript = "diff \"${PODS_PODFILE_DIR_PATH}/Podfile.lock\" \"${PODS_ROOT}/Manifest.lock\" > /dev/null\nif [ $? != 0 ] ; then\n    # print error to STDERR\n    echo \"error: The sandbox is not in sync with the Podfile.lock. Run 'pod install' or update your CocoaPods installation.\" >&2\n    exit 1\nfi\n# This output is used by Xcode 'outputs' to avoid re-running this script phase.\necho \"SUCCESS\" > \"${SCRIPT_OUTPUT_FILE_0}\"\n";
			showEnvVarsInLog = 0;
		};
		C389458E3CFE6080C86BF6AF /* [CP] Embed Pods Frameworks */ = {
			isa = PBXShellScriptBuildPhase;
			buildActionMask = 2147483647;
			files = (
			);
			inputFileListPaths = (
				"${PODS_ROOT}/Target Support Files/Pods-MomsSpaghetti/Pods-MomsSpaghetti-frameworks-${CONFIGURATION}-input-files.xcfilelist",
			);
			inputPaths = (
			);
			name = "[CP] Embed Pods Frameworks";
			outputFileListPaths = (
				"${PODS_ROOT}/Target Support Files/Pods-MomsSpaghetti/Pods-MomsSpaghetti-frameworks-${CONFIGURATION}-output-files.xcfilelist",
			);
			outputPaths = (
			);
			runOnlyForDeploymentPostprocessing = 0;
			shellPath = /bin/sh;
			shellScript = "\"${PODS_ROOT}/Target Support Files/Pods-MomsSpaghetti/Pods-MomsSpaghetti-frameworks.sh\"\n";
			showEnvVarsInLog = 0;
		};
/* End PBXShellScriptBuildPhase section */

/* Begin PBXSourcesBuildPhase section */
		6A659E1327A90070004EBA18 /* Sources */ = {
			isa = PBXSourcesBuildPhase;
			buildActionMask = 2147483647;
			files = (
				6A659E1F27A90070004EBA18 /* ViewController.swift in Sources */,
				6A659E1B27A90070004EBA18 /* AppDelegate.swift in Sources */,
				6A659E1D27A90070004EBA18 /* SceneDelegate.swift in Sources */,
				0BB850747AB02F42CD989299 /* AmplifyModels.swift in Sources */,
				29D4615E27B4E7F63EE9E0D2 /* Todo+Schema.swift in Sources */,
				E9C0082A76917C1FA4E21DD8 /* Todo.swift in Sources */,
			);
			runOnlyForDeploymentPostprocessing = 0;
		};
/* End PBXSourcesBuildPhase section */

/* Begin PBXVariantGroup section */
		6A659E2027A90070004EBA18 /* Main.storyboard */ = {
			isa = PBXVariantGroup;
			children = (
				6A659E2127A90070004EBA18 /* Base */,
			);
			name = Main.storyboard;
			sourceTree = "<group>";
		};
		6A659E2527A90070004EBA18 /* LaunchScreen.storyboard */ = {
			isa = PBXVariantGroup;
			children = (
				6A659E2627A90070004EBA18 /* Base */,
			);
			name = LaunchScreen.storyboard;
			sourceTree = "<group>";
		};
/* End PBXVariantGroup section */

/* Begin XCBuildConfiguration section */
		6A659E2927A90070004EBA18 /* Debug */ = {
			isa = XCBuildConfiguration;
			buildSettings = {
				ALWAYS_SEARCH_USER_PATHS = NO;
				CLANG_ANALYZER_NONNULL = YES;
				CLANG_ANALYZER_NUMBER_OBJECT_CONVERSION = YES_AGGRESSIVE;
				CLANG_CXX_LANGUAGE_STANDARD = "gnu++17";
				CLANG_CXX_LIBRARY = "libc++";
				CLANG_ENABLE_MODULES = YES;
				CLANG_ENABLE_OBJC_ARC = YES;
				CLANG_ENABLE_OBJC_WEAK = YES;
				CLANG_WARN_BLOCK_CAPTURE_AUTORELEASING = YES;
				CLANG_WARN_BOOL_CONVERSION = YES;
				CLANG_WARN_COMMA = YES;
				CLANG_WARN_CONSTANT_CONVERSION = YES;
				CLANG_WARN_DEPRECATED_OBJC_IMPLEMENTATIONS = YES;
				CLANG_WARN_DIRECT_OBJC_ISA_USAGE = YES_ERROR;
				CLANG_WARN_DOCUMENTATION_COMMENTS = YES;
				CLANG_WARN_EMPTY_BODY = YES;
				CLANG_WARN_ENUM_CONVERSION = YES;
				CLANG_WARN_INFINITE_RECURSION = YES;
				CLANG_WARN_INT_CONVERSION = YES;
				CLANG_WARN_NON_LITERAL_NULL_CONVERSION = YES;
				CLANG_WARN_OBJC_IMPLICIT_RETAIN_SELF = YES;
				CLANG_WARN_OBJC_LITERAL_CONVERSION = YES;
				CLANG_WARN_OBJC_ROOT_CLASS = YES_ERROR;
				CLANG_WARN_QUOTED_INCLUDE_IN_FRAMEWORK_HEADER = YES;
				CLANG_WARN_RANGE_LOOP_ANALYSIS = YES;
				CLANG_WARN_STRICT_PROTOTYPES = YES;
				CLANG_WARN_SUSPICIOUS_MOVE = YES;
				CLANG_WARN_UNGUARDED_AVAILABILITY = YES_AGGRESSIVE;
				CLANG_WARN_UNREACHABLE_CODE = YES;
				CLANG_WARN__DUPLICATE_METHOD_MATCH = YES;
				COPY_PHASE_STRIP = NO;
				DEBUG_INFORMATION_FORMAT = dwarf;
				ENABLE_STRICT_OBJC_MSGSEND = YES;
				ENABLE_TESTABILITY = YES;
				GCC_C_LANGUAGE_STANDARD = gnu11;
				GCC_DYNAMIC_NO_PIC = NO;
				GCC_NO_COMMON_BLOCKS = YES;
				GCC_OPTIMIZATION_LEVEL = 0;
				GCC_PREPROCESSOR_DEFINITIONS = (
					"DEBUG=1",
					"$(inherited)",
				);
				GCC_WARN_64_TO_32_BIT_CONVERSION = YES;
				GCC_WARN_ABOUT_RETURN_TYPE = YES_ERROR;
				GCC_WARN_UNDECLARED_SELECTOR = YES;
				GCC_WARN_UNINITIALIZED_AUTOS = YES_AGGRESSIVE;
				GCC_WARN_UNUSED_FUNCTION = YES;
				GCC_WARN_UNUSED_VARIABLE = YES;
				IPHONEOS_DEPLOYMENT_TARGET = 15.2;
				MTL_ENABLE_DEBUG_INFO = INCLUDE_SOURCE;
				MTL_FAST_MATH = YES;
				ONLY_ACTIVE_ARCH = YES;
				SDKROOT = iphoneos;
				SWIFT_ACTIVE_COMPILATION_CONDITIONS = DEBUG;
				SWIFT_OPTIMIZATION_LEVEL = "-Onone";
			};
			name = Debug;
		};
		6A659E2A27A90070004EBA18 /* Release */ = {
			isa = XCBuildConfiguration;
			buildSettings = {
				ALWAYS_SEARCH_USER_PATHS = NO;
				CLANG_ANALYZER_NONNULL = YES;
				CLANG_ANALYZER_NUMBER_OBJECT_CONVERSION = YES_AGGRESSIVE;
				CLANG_CXX_LANGUAGE_STANDARD = "gnu++17";
				CLANG_CXX_LIBRARY = "libc++";
				CLANG_ENABLE_MODULES = YES;
				CLANG_ENABLE_OBJC_ARC = YES;
				CLANG_ENABLE_OBJC_WEAK = YES;
				CLANG_WARN_BLOCK_CAPTURE_AUTORELEASING = YES;
				CLANG_WARN_BOOL_CONVERSION = YES;
				CLANG_WARN_COMMA = YES;
				CLANG_WARN_CONSTANT_CONVERSION = YES;
				CLANG_WARN_DEPRECATED_OBJC_IMPLEMENTATIONS = YES;
				CLANG_WARN_DIRECT_OBJC_ISA_USAGE = YES_ERROR;
				CLANG_WARN_DOCUMENTATION_COMMENTS = YES;
				CLANG_WARN_EMPTY_BODY = YES;
				CLANG_WARN_ENUM_CONVERSION = YES;
				CLANG_WARN_INFINITE_RECURSION = YES;
				CLANG_WARN_INT_CONVERSION = YES;
				CLANG_WARN_NON_LITERAL_NULL_CONVERSION = YES;
				CLANG_WARN_OBJC_IMPLICIT_RETAIN_SELF = YES;
				CLANG_WARN_OBJC_LITERAL_CONVERSION = YES;
				CLANG_WARN_OBJC_ROOT_CLASS = YES_ERROR;
				CLANG_WARN_QUOTED_INCLUDE_IN_FRAMEWORK_HEADER = YES;
				CLANG_WARN_RANGE_LOOP_ANALYSIS = YES;
				CLANG_WARN_STRICT_PROTOTYPES = YES;
				CLANG_WARN_SUSPICIOUS_MOVE = YES;
				CLANG_WARN_UNGUARDED_AVAILABILITY = YES_AGGRESSIVE;
				CLANG_WARN_UNREACHABLE_CODE = YES;
				CLANG_WARN__DUPLICATE_METHOD_MATCH = YES;
				COPY_PHASE_STRIP = NO;
				DEBUG_INFORMATION_FORMAT = "dwarf-with-dsym";
				ENABLE_NS_ASSERTIONS = NO;
				ENABLE_STRICT_OBJC_MSGSEND = YES;
				GCC_C_LANGUAGE_STANDARD = gnu11;
				GCC_NO_COMMON_BLOCKS = YES;
				GCC_WARN_64_TO_32_BIT_CONVERSION = YES;
				GCC_WARN_ABOUT_RETURN_TYPE = YES_ERROR;
				GCC_WARN_UNDECLARED_SELECTOR = YES;
				GCC_WARN_UNINITIALIZED_AUTOS = YES_AGGRESSIVE;
				GCC_WARN_UNUSED_FUNCTION = YES;
				GCC_WARN_UNUSED_VARIABLE = YES;
				IPHONEOS_DEPLOYMENT_TARGET = 15.2;
				MTL_ENABLE_DEBUG_INFO = NO;
				MTL_FAST_MATH = YES;
				SDKROOT = iphoneos;
				SWIFT_COMPILATION_MODE = wholemodule;
				SWIFT_OPTIMIZATION_LEVEL = "-O";
				VALIDATE_PRODUCT = YES;
			};
			name = Release;
		};
		6A659E2C27A90070004EBA18 /* Debug */ = {
			isa = XCBuildConfiguration;
			baseConfigurationReference = 69A811F30DF10AAFBBBEDCA8 /* Pods-MomsSpaghetti.debug.xcconfig */;
			buildSettings = {
				ASSETCATALOG_COMPILER_APPICON_NAME = AppIcon;
				ASSETCATALOG_COMPILER_GLOBAL_ACCENT_COLOR_NAME = AccentColor;
				CODE_SIGN_STYLE = Automatic;
				CURRENT_PROJECT_VERSION = 1;
				DEVELOPMENT_TEAM = URLVBAN9B7;
				GENERATE_INFOPLIST_FILE = YES;
				INFOPLIST_FILE = MomsSpaghetti/Info.plist;
				INFOPLIST_KEY_UIApplicationSupportsIndirectInputEvents = YES;
				INFOPLIST_KEY_UILaunchStoryboardName = LaunchScreen;
				INFOPLIST_KEY_UIMainStoryboardFile = Main;
				INFOPLIST_KEY_UISupportedInterfaceOrientations_iPad = "UIInterfaceOrientationPortrait UIInterfaceOrientationPortraitUpsideDown UIInterfaceOrientationLandscapeLeft UIInterfaceOrientationLandscapeRight";
				INFOPLIST_KEY_UISupportedInterfaceOrientations_iPhone = "UIInterfaceOrientationPortrait UIInterfaceOrientationLandscapeLeft UIInterfaceOrientationLandscapeRight";
				LD_RUNPATH_SEARCH_PATHS = (
					"$(inherited)",
					"@executable_path/Frameworks",
				);
				MARKETING_VERSION = 1.0;
				PRODUCT_BUNDLE_IDENTIFIER = com.bumbleparrot.MomsSpaghetti;
				PRODUCT_NAME = "$(TARGET_NAME)";
				SWIFT_EMIT_LOC_STRINGS = YES;
				SWIFT_VERSION = 5.0;
				TARGETED_DEVICE_FAMILY = "1,2";
			};
			name = Debug;
		};
		6A659E2D27A90070004EBA18 /* Release */ = {
			isa = XCBuildConfiguration;
			baseConfigurationReference = 474B674700A3723C57D13DEB /* Pods-MomsSpaghetti.release.xcconfig */;
			buildSettings = {
				ASSETCATALOG_COMPILER_APPICON_NAME = AppIcon;
				ASSETCATALOG_COMPILER_GLOBAL_ACCENT_COLOR_NAME = AccentColor;
				CODE_SIGN_STYLE = Automatic;
				CURRENT_PROJECT_VERSION = 1;
				DEVELOPMENT_TEAM = URLVBAN9B7;
				GENERATE_INFOPLIST_FILE = YES;
				INFOPLIST_FILE = MomsSpaghetti/Info.plist;
				INFOPLIST_KEY_UIApplicationSupportsIndirectInputEvents = YES;
				INFOPLIST_KEY_UILaunchStoryboardName = LaunchScreen;
				INFOPLIST_KEY_UIMainStoryboardFile = Main;
				INFOPLIST_KEY_UISupportedInterfaceOrientations_iPad = "UIInterfaceOrientationPortrait UIInterfaceOrientationPortraitUpsideDown UIInterfaceOrientationLandscapeLeft UIInterfaceOrientationLandscapeRight";
				INFOPLIST_KEY_UISupportedInterfaceOrientations_iPhone = "UIInterfaceOrientationPortrait UIInterfaceOrientationLandscapeLeft UIInterfaceOrientationLandscapeRight";
				LD_RUNPATH_SEARCH_PATHS = (
					"$(inherited)",
					"@executable_path/Frameworks",
				);
				MARKETING_VERSION = 1.0;
				PRODUCT_BUNDLE_IDENTIFIER = com.bumbleparrot.MomsSpaghetti;
				PRODUCT_NAME = "$(TARGET_NAME)";
				SWIFT_EMIT_LOC_STRINGS = YES;
				SWIFT_VERSION = 5.0;
				TARGETED_DEVICE_FAMILY = "1,2";
			};
			name = Release;
		};
/* End XCBuildConfiguration section */

/* Begin XCConfigurationList section */
		6A659E1227A90070004EBA18 /* Build configuration list for PBXProject "MomsSpaghetti" */ = {
			isa = XCConfigurationList;
			buildConfigurations = (
				6A659E2927A90070004EBA18 /* Debug */,
				6A659E2A27A90070004EBA18 /* Release */,
			);
			defaultConfigurationIsVisible = 0;
			defaultConfigurationName = Release;
		};
		6A659E2B27A90070004EBA18 /* Build configuration list for PBXNativeTarget "MomsSpaghetti" */ = {
			isa = XCConfigurationList;
			buildConfigurations = (
				6A659E2C27A90070004EBA18 /* Debug */,
				6A659E2D27A90070004EBA18 /* Release */,
			);
			defaultConfigurationIsVisible = 0;
			defaultConfigurationName = Release;
		};
/* End XCConfigurationList section */
	};
	rootObject = 6A659E0F27A90070004EBA18 /* Project object */;
}
